
Microsoft Visual Studio Solution File, Format Version 12.00
# Visual Studio Version 17
VisualStudioVersion = 17.9.34728.123
MinimumVisualStudioVersion = 10.0.40219.1
Project("{FAE04EC0-301F-11D3-BF4B-00C04F79EFBC}") = "FilaVets", "FilaVets\FilaVets.csproj", "{716D47C8-131B-48CA-8218-52077FAB9FF8}"
EndProject
Global
	GlobalSection(SolutionConfigurationPlatforms) = preSolution
		Debug|Any CPU = Debug|Any CPU
		Release|Any CPU = Release|Any CPU
	EndGlobalSection
	GlobalSection(ProjectConfigurationPlatforms) = postSolution
		{716D47C8-131B-48CA-8218-52077FAB9FF8}.Debug|Any CPU.ActiveCfg = Debug|Any CPU
		{716D47C8-131B-48CA-8218-52077FAB9FF8}.Debug|Any CPU.Build.0 = Debug|Any CPU
		{716D47C8-131B-48CA-8218-52077FAB9FF8}.Release|Any CPU.ActiveCfg = Release|Any CPU
		{716D47C8-131B-48CA-8218-52077FAB9FF8}.Release|Any CPU.Build.0 = Release|Any CPU
	EndGlobalSection
	GlobalSection(SolutionProperties) = preSolution
		HideSolutionNode = FALSE
	EndGlobalSection
	GlobalSection(ExtensibilityGlobals) = postSolution
		SolutionGuid = {0393710C-C41E-4434-8964-9DFB2B2D25CB}
	EndGlobalSection
EndGlobal
